
Microsoft Visual Studio Solution File, Format Version 12.00
# Visual Studio Version 17
VisualStudioVersion = 17.0.32112.339
MinimumVisualStudioVersion = 10.0.40219.1
Project("{FAE04EC0-301F-11D3-BF4B-00C04F79EFBC}") = "T-3 - Using Iterative Statements", "T-3 - Using Iterative Statements.csproj", "{1D83EDE4-5658-41D7-96B7-8E46467169AF}"
EndProject
Global
	GlobalSection(SolutionConfigurationPlatforms) = preSolution
		Debug|Any CPU = Debug|Any CPU
		Release|Any CPU = Release|Any CPU
	EndGlobalSection
	GlobalSection(ProjectConfigurationPlatforms) = postSolution
		{1D83EDE4-5658-41D7-96B7-8E46467169AF}.Debug|Any CPU.ActiveCfg = Debug|Any CPU
		{1D83EDE4-5658-41D7-96B7-8E46467169AF}.Debug|Any CPU.Build.0 = Debug|Any CPU
		{1D83EDE4-5658-41D7-96B7-8E46467169AF}.Release|Any CPU.ActiveCfg = Release|Any CPU
		{1D83EDE4-5658-41D7-96B7-8E46467169AF}.Release|Any CPU.Build.0 = Release|Any CPU
	EndGlobalSection
	GlobalSection(SolutionProperties) = preSolution
		HideSolutionNode = FALSE
	EndGlobalSection
	GlobalSection(ExtensibilityGlobals) = postSolution
		SolutionGuid = {7A4AEC90-B6B8-4777-82AA-CD7722665594}
	EndGlobalSection
EndGlobal
